
Microsoft Visual Studio Solution File, Format Version 11.00
# Visual Studio 2010
Project("{FAE04EC0-301F-11D3-BF4B-00C04F79EFBC}") = "VisitorPattern", "VisitorPattern\VisitorPattern.csproj", "{1B098D0D-DB9C-44C2-9C3A-D9F8619A04C9}"
EndProject
Global
	GlobalSection(SolutionConfigurationPlatforms) = preSolution
		Debug|Any CPU = Debug|Any CPU
		Release|Any CPU = Release|Any CPU
	EndGlobalSection
	GlobalSection(ProjectConfigurationPlatforms) = postSolution
		{1B098D0D-DB9C-44C2-9C3A-D9F8619A04C9}.Debug|Any CPU.ActiveCfg = Debug|Any CPU
		{1B098D0D-DB9C-44C2-9C3A-D9F8619A04C9}.Debug|Any CPU.Build.0 = Debug|Any CPU
		{1B098D0D-DB9C-44C2-9C3A-D9F8619A04C9}.Release|Any CPU.ActiveCfg = Release|Any CPU
		{1B098D0D-DB9C-44C2-9C3A-D9F8619A04C9}.Release|Any CPU.Build.0 = Release|Any CPU
	EndGlobalSection
	GlobalSection(SolutionProperties) = preSolution
		HideSolutionNode = FALSE
	EndGlobalSection
EndGlobal
